
Microsoft Visual Studio Solution File, Format Version 12.00
# Visual Studio Version 17
VisualStudioVersion = 17.12.35707.178
MinimumVisualStudioVersion = 10.0.40219.1
Project("{FAE04EC0-301F-11D3-BF4B-00C04F79EFBC}") = "TBA.Mvc", "TBA.Mvc\TBA.Mvc.csproj", "{602C265C-4FA2-4832-9FFA-FD9A20A739A6}"
EndProject
Project("{FAE04EC0-301F-11D3-BF4B-00C04F79EFBC}") = "TBA.API", "TBA.API\TBA.API.csproj", "{17B9AFE9-6C7D-4BD4-B3CC-55D42C417C1E}"
EndProject
Project("{FAE04EC0-301F-11D3-BF4B-00C04F79EFBC}") = "TBA.Architecture", "TBA.Architecture\TBA.Architecture.csproj", "{864E78C6-892F-48AA-8C2F-CF9F106C3439}"
EndProject
Project("{FAE04EC0-301F-11D3-BF4B-00C04F79EFBC}") = "TBA.Business", "TBA.Business\TBA.Business.csproj", "{9EEDAA6F-D289-43F6-8554-E8EBB1A108B7}"
EndProject
Project("{FAE04EC0-301F-11D3-BF4B-00C04F79EFBC}") = "TBA.Core", "TBA.Core\TBA.Core.csproj", "{637A8AB9-DB37-4B4B-B6C8-713C7D5AB24C}"
EndProject
Project("{FAE04EC0-301F-11D3-BF4B-00C04F79EFBC}") = "TBA.Data", "TBA.Data\TBA.Data.csproj", "{10A42DF4-F6CC-41D8-B28C-AC5B1A468D85}"
EndProject
Project("{FAE04EC0-301F-11D3-BF4B-00C04F79EFBC}") = "TBA.Models", "TBA.Models\TBA.Models.csproj", "{C85D05FF-F839-40F5-952C-FA974AE39FEB}"
EndProject
Project("{FAE04EC0-301F-11D3-BF4B-00C04F79EFBC}") = "TBA.Repositories", "TBA.Repositories\TBA.Repositories.csproj", "{21DE3EAB-1D33-4254-B9EB-26EF516A1624}"
EndProject
Project("{FAE04EC0-301F-11D3-BF4B-00C04F79EFBC}") = "TBA.Services", "TBA.Services\TBA.Services.csproj", "{D3590923-6189-4D68-941D-FED7A71B7DE4}"
EndProject
Global
	GlobalSection(SolutionConfigurationPlatforms) = preSolution
		Debug|Any CPU = Debug|Any CPU
		Release|Any CPU = Release|Any CPU
	EndGlobalSection
	GlobalSection(ProjectConfigurationPlatforms) = postSolution
		{602C265C-4FA2-4832-9FFA-FD9A20A739A6}.Debug|Any CPU.ActiveCfg = Debug|Any CPU
		{602C265C-4FA2-4832-9FFA-FD9A20A739A6}.Debug|Any CPU.Build.0 = Debug|Any CPU
		{602C265C-4FA2-4832-9FFA-FD9A20A739A6}.Release|Any CPU.ActiveCfg = Release|Any CPU
		{602C265C-4FA2-4832-9FFA-FD9A20A739A6}.Release|Any CPU.Build.0 = Release|Any CPU
		{17B9AFE9-6C7D-4BD4-B3CC-55D42C417C1E}.Debug|Any CPU.ActiveCfg = Debug|Any CPU
		{17B9AFE9-6C7D-4BD4-B3CC-55D42C417C1E}.Debug|Any CPU.Build.0 = Debug|Any CPU
		{17B9AFE9-6C7D-4BD4-B3CC-55D42C417C1E}.Release|Any CPU.ActiveCfg = Release|Any CPU
		{17B9AFE9-6C7D-4BD4-B3CC-55D42C417C1E}.Release|Any CPU.Build.0 = Release|Any CPU
		{864E78C6-892F-48AA-8C2F-CF9F106C3439}.Debug|Any CPU.ActiveCfg = Debug|Any CPU
		{864E78C6-892F-48AA-8C2F-CF9F106C3439}.Debug|Any CPU.Build.0 = Debug|Any CPU
		{864E78C6-892F-48AA-8C2F-CF9F106C3439}.Release|Any CPU.ActiveCfg = Release|Any CPU
		{864E78C6-892F-48AA-8C2F-CF9F106C3439}.Release|Any CPU.Build.0 = Release|Any CPU
		{9EEDAA6F-D289-43F6-8554-E8EBB1A108B7}.Debug|Any CPU.ActiveCfg = Debug|Any CPU
		{9EEDAA6F-D289-43F6-8554-E8EBB1A108B7}.Debug|Any CPU.Build.0 = Debug|Any CPU
		{9EEDAA6F-D289-43F6-8554-E8EBB1A108B7}.Release|Any CPU.ActiveCfg = Release|Any CPU
		{9EEDAA6F-D289-43F6-8554-E8EBB1A108B7}.Release|Any CPU.Build.0 = Release|Any CPU
		{637A8AB9-DB37-4B4B-B6C8-713C7D5AB24C}.Debug|Any CPU.ActiveCfg = Debug|Any CPU
		{637A8AB9-DB37-4B4B-B6C8-713C7D5AB24C}.Debug|Any CPU.Build.0 = Debug|Any CPU
		{637A8AB9-DB37-4B4B-B6C8-713C7D5AB24C}.Release|Any CPU.ActiveCfg = Release|Any CPU
		{637A8AB9-DB37-4B4B-B6C8-713C7D5AB24C}.Release|Any CPU.Build.0 = Release|Any CPU
		{10A42DF4-F6CC-41D8-B28C-AC5B1A468D85}.Debug|Any CPU.ActiveCfg = Debug|Any CPU
		{10A42DF4-F6CC-41D8-B28C-AC5B1A468D85}.Debug|Any CPU.Build.0 = Debug|Any CPU
		{10A42DF4-F6CC-41D8-B28C-AC5B1A468D85}.Release|Any CPU.ActiveCfg = Release|Any CPU
		{10A42DF4-F6CC-41D8-B28C-AC5B1A468D85}.Release|Any CPU.Build.0 = Release|Any CPU
		{C85D05FF-F839-40F5-952C-FA974AE39FEB}.Debug|Any CPU.ActiveCfg = Debug|Any CPU
		{C85D05FF-F839-40F5-952C-FA974AE39FEB}.Debug|Any CPU.Build.0 = Debug|Any CPU
		{C85D05FF-F839-40F5-952C-FA974AE39FEB}.Release|Any CPU.ActiveCfg = Release|Any CPU
		{C85D05FF-F839-40F5-952C-FA974AE39FEB}.Release|Any CPU.Build.0 = Release|Any CPU
		{21DE3EAB-1D33-4254-B9EB-26EF516A1624}.Debug|Any CPU.ActiveCfg = Debug|Any CPU
		{21DE3EAB-1D33-4254-B9EB-26EF516A1624}.Debug|Any CPU.Build.0 = Debug|Any CPU
		{21DE3EAB-1D33-4254-B9EB-26EF516A1624}.Release|Any CPU.ActiveCfg = Release|Any CPU
		{21DE3EAB-1D33-4254-B9EB-26EF516A1624}.Release|Any CPU.Build.0 = Release|Any CPU
		{D3590923-6189-4D68-941D-FED7A71B7DE4}.Debug|Any CPU.ActiveCfg = Debug|Any CPU
		{D3590923-6189-4D68-941D-FED7A71B7DE4}.Debug|Any CPU.Build.0 = Debug|Any CPU
		{D3590923-6189-4D68-941D-FED7A71B7DE4}.Release|Any CPU.ActiveCfg = Release|Any CPU
		{D3590923-6189-4D68-941D-FED7A71B7DE4}.Release|Any CPU.Build.0 = Release|Any CPU
	EndGlobalSection
	GlobalSection(SolutionProperties) = preSolution
		HideSolutionNode = FALSE
	EndGlobalSection
EndGlobal
